
Microsoft Visual Studio Solution File, Format Version 12.00
# Visual Studio Version 17
VisualStudioVersion = 17.4.33205.214
MinimumVisualStudioVersion = 10.0.40219.1
Project("{9A19103F-16F7-4668-BE54-9A1E7A4F7556}") = "TNETestApp.App", "TNETestApp.App\TNETestApp.App.csproj", "{02D9A47E-78CB-43F6-A176-E9BAB6E684B0}"
EndProject
Project("{9A19103F-16F7-4668-BE54-9A1E7A4F7556}") = "TNETestApp.Domain", "TNETestApp.Domain\TNETestApp.Domain.csproj", "{37998C0E-03E3-4E6F-AF1B-8B8B550DAB04}"
EndProject
Project("{9A19103F-16F7-4668-BE54-9A1E7A4F7556}") = "TNETestApp.Infrastructure", "TNETestApp.Infrastructure\TNETestApp.Infrastructure.csproj", "{D381FD36-0DE1-40B3-AFDC-C6A27DE26613}"
EndProject
Project("{9A19103F-16F7-4668-BE54-9A1E7A4F7556}") = "TNETestApp.Services", "TNETestApp.Services\TNETestApp.Services.csproj", "{70B4B4B0-AB09-43EA-ABAD-167038E2D5DF}"
EndProject
Global
	GlobalSection(SolutionConfigurationPlatforms) = preSolution
		Debug|Any CPU = Debug|Any CPU
		Release|Any CPU = Release|Any CPU
	EndGlobalSection
	GlobalSection(ProjectConfigurationPlatforms) = postSolution
		{02D9A47E-78CB-43F6-A176-E9BAB6E684B0}.Debug|Any CPU.ActiveCfg = Debug|Any CPU
		{02D9A47E-78CB-43F6-A176-E9BAB6E684B0}.Debug|Any CPU.Build.0 = Debug|Any CPU
		{02D9A47E-78CB-43F6-A176-E9BAB6E684B0}.Release|Any CPU.ActiveCfg = Release|Any CPU
		{02D9A47E-78CB-43F6-A176-E9BAB6E684B0}.Release|Any CPU.Build.0 = Release|Any CPU
		{37998C0E-03E3-4E6F-AF1B-8B8B550DAB04}.Debug|Any CPU.ActiveCfg = Debug|Any CPU
		{37998C0E-03E3-4E6F-AF1B-8B8B550DAB04}.Debug|Any CPU.Build.0 = Debug|Any CPU
		{37998C0E-03E3-4E6F-AF1B-8B8B550DAB04}.Release|Any CPU.ActiveCfg = Release|Any CPU
		{37998C0E-03E3-4E6F-AF1B-8B8B550DAB04}.Release|Any CPU.Build.0 = Release|Any CPU
		{D381FD36-0DE1-40B3-AFDC-C6A27DE26613}.Debug|Any CPU.ActiveCfg = Debug|Any CPU
		{D381FD36-0DE1-40B3-AFDC-C6A27DE26613}.Debug|Any CPU.Build.0 = Debug|Any CPU
		{D381FD36-0DE1-40B3-AFDC-C6A27DE26613}.Release|Any CPU.ActiveCfg = Release|Any CPU
		{D381FD36-0DE1-40B3-AFDC-C6A27DE26613}.Release|Any CPU.Build.0 = Release|Any CPU
		{70B4B4B0-AB09-43EA-ABAD-167038E2D5DF}.Debug|Any CPU.ActiveCfg = Debug|Any CPU
		{70B4B4B0-AB09-43EA-ABAD-167038E2D5DF}.Debug|Any CPU.Build.0 = Debug|Any CPU
		{70B4B4B0-AB09-43EA-ABAD-167038E2D5DF}.Release|Any CPU.ActiveCfg = Release|Any CPU
		{70B4B4B0-AB09-43EA-ABAD-167038E2D5DF}.Release|Any CPU.Build.0 = Release|Any CPU
	EndGlobalSection
	GlobalSection(SolutionProperties) = preSolution
		HideSolutionNode = FALSE
	EndGlobalSection
	GlobalSection(ExtensibilityGlobals) = postSolution
		SolutionGuid = {B460D3F2-5276-4D04-A307-E2C9F28EDAD9}
	EndGlobalSection
EndGlobal
